<?xml version="1.0" encoding="utf-8"?>
<Project ToolsVersion="4.0" xmlns="http://schemas.microsoft.com/developer/msbuild/2003">
  <ItemGroup>
    <Filter Include="Source Files">
      <UniqueIdentifier>{4FC737F1-C7A5-4376-A066-2A32D752A2FF}</UniqueIdentifier>
      <Extensions>cpp;c;cc;cxx;c++;cppm;ixx;def;odl;idl;hpj;bat;asm;asmx</Extensions>
    </Filter>
    <Filter Include="Header Files">
      <UniqueIdentifier>{93995380-89BD-4b04-88EB-625FBE52EBFB}</UniqueIdentifier>
      <Extensions>h;hh;hpp;hxx;h++;hm;inl;inc;ipp;xsd</Extensions>
    </Filter>
    <Filter Include="Resource Files">
      <UniqueIdentifier>{67DA6AB6-F800-4c08-8B7A-83BB121AAD01}</UniqueIdentifier>
      <Extensions>rc;ico;cur;bmp;dlg;rc2;rct;bin;rgs;gif;jpg;jpeg;jpe;resx;tiff;tif;png;wav;mfcribbon-ms</Extensions>
    </Filter>
    <Filter Include="Header Files\utils">
      <UniqueIdentifier>{41583a43-4da9-4704-8466-bcc13ad796b9}</UniqueIdentifier>
    </Filter>
    <Filter Include="Source Files\utils">
      <UniqueIdentifier>{6088c1bc-b90b-4c9d-9491-95a204953060}</UniqueIdentifier>
    </Filter>
    <Filter Include="Header Files\vendor">
      <UniqueIdentifier>{12e7055f-fc48-48be-b351-4f5bdcf28154}</UniqueIdentifier>
    </Filter>
    <Filter Include="Source Files\vendor">
      <UniqueIdentifier>{2f542213-50ba-46e5-84ee-a8e7d9f5c275}</UniqueIdentifier>
    </Filter>
    <Filter Include="Header Files\cnn">
      <UniqueIdentifier>{e5b30a86-e276-4c97-adc9-fe2ff7ec2831}</UniqueIdentifier>
    </Filter>
    <Filter Include="Source Files\cnn">
      <UniqueIdentifier>{325f8fac-d0f8-41bd-befb-1d45b468a46d}</UniqueIdentifier>
    </Filter>
  </ItemGroup>
  <ItemGroup>
    <ClCompile Include="src\main.cpp">
      <Filter>Source Files</Filter>
    </ClCompile>
    <ClCompile Include="src\Application.cpp">
      <Filter>Source Files</Filter>
    </ClCompile>
    <ClCompile Include="src\utils\CSV_Table.cpp">
      <Filter>Source Files\utils</Filter>
    </ClCompile>
    <ClCompile Include="src\utils\CSV_Util.cpp">
      <Filter>Source Files\utils</Filter>
    </ClCompile>
    <ClCompile Include="src\utils\Log.cpp">
      <Filter>Source Files\utils</Filter>
    </ClCompile>
    <ClCompile Include="src\Patient.cpp">
      <Filter>Source Files</Filter>
    </ClCompile>
    <ClCompile Include="src\PatientHandler.cpp">
      <Filter>Source Files</Filter>
    </ClCompile>
    <ClCompile Include="src\ImageWrapper.cpp">
      <Filter>Source Files</Filter>
    </ClCompile>
    <ClCompile Include="src\Image.cpp">
      <Filter>Source Files</Filter>
    </ClCompile>
    <ClCompile Include="src\vendor\lodepng.cpp">
      <Filter>Source Files\vendor</Filter>
    </ClCompile>
    <ClCompile Include="src\cnn\Layer.cpp">
      <Filter>Source Files\cnn</Filter>
    </ClCompile>
    <ClCompile Include="src\cnn\Network.cpp">
      <Filter>Source Files\cnn</Filter>
    </ClCompile>
    <ClCompile Include="src\cnn\Node.cpp">
      <Filter>Source Files\cnn</Filter>
    </ClCompile>
    <ClCompile Include="src\cnn\Matrix.cpp">
      <Filter>Source Files\cnn</Filter>
    </ClCompile>
    <ClCompile Include="src\cnn\ConvLayer.cpp">
      <Filter>Source Files\cnn</Filter>
    </ClCompile>
  </ItemGroup>
  <ItemGroup>
    <ClInclude Include="src\Application.h">
      <Filter>Header Files</Filter>
    </ClInclude>
    <ClInclude Include="src\utils\CSV_Table.h">
      <Filter>Header Files\utils</Filter>
    </ClInclude>
    <ClInclude Include="src\utils\CSV_Util.h">
      <Filter>Header Files\utils</Filter>
    </ClInclude>
    <ClInclude Include="src\utils\Log.h">
      <Filter>Header Files\utils</Filter>
    </ClInclude>
    <ClInclude Include="src\Patient.h">
      <Filter>Header Files</Filter>
    </ClInclude>
    <ClInclude Include="src\PatientHandler.h">
      <Filter>Header Files</Filter>
    </ClInclude>
    <ClInclude Include="src\Image.h">
      <Filter>Header Files</Filter>
    </ClInclude>
    <ClInclude Include="src\ImageWrapper.h">
      <Filter>Header Files</Filter>
    </ClInclude>
    <ClInclude Include="src\vendor\lodepng.h">
      <Filter>Header Files\vendor</Filter>
    </ClInclude>
    <ClInclude Include="src\cnn\Layer.h">
      <Filter>Header Files\cnn</Filter>
    </ClInclude>
    <ClInclude Include="src\cnn\Network.h">
      <Filter>Header Files\cnn</Filter>
    </ClInclude>
    <ClInclude Include="src\cnn\Node.h">
      <Filter>Header Files\cnn</Filter>
    </ClInclude>
    <ClInclude Include="src\cnn\Matrix.h">
      <Filter>Header Files\cnn</Filter>
    </ClInclude>
    <ClInclude Include="src\cnn\ConvLayer.h">
      <Filter>Header Files\cnn</Filter>
    </ClInclude>
  </ItemGroup>
  <ItemGroup>
    <None Include="res\test-data\test.csv">
      <Filter>Resource Files</Filter>
    </None>
    <None Include="README.md" />
    <None Include=".gitattributes" />
    <None Include=".gitignore" />
  </ItemGroup>
  <ItemGroup>
    <Text Include="LICENSE.txt" />
    <Text Include="mirai_log.txt" />
  </ItemGroup>
</Project>